// !$*UTF8*$!
{
	archiveVersion = 1;
	classes = {
	};
	objectVersion = 48;
	objects = {

/* Begin PBXBuildFile section */
		E50287B51F72CC980007ED8A /* SpamFilterLib.m in Sources */ = {isa = PBXBuildFile; fileRef = E50287B41F72CC980007ED8A /* SpamFilterLib.m */; };
		E50287B61F72CDBA0007ED8A /* SpamFilterLib.m in Sources */ = {isa = PBXBuildFile; fileRef = E50287B41F72CC980007ED8A /* SpamFilterLib.m */; };
		E50287B91F72CF260007ED8A /* HWILib.m in Sources */ = {isa = PBXBuildFile; fileRef = E50287B71F72CF260007ED8A /* HWILib.m */; };
		E50287BA1F72CF260007ED8A /* HWILib.m in Sources */ = {isa = PBXBuildFile; fileRef = E50287B71F72CF260007ED8A /* HWILib.m */; };
		E50287BE1F72F1AC0007ED8A /* KeywordVC.m in Sources */ = {isa = PBXBuildFile; fileRef = E50287BD1F72F1AC0007ED8A /* KeywordVC.m */; };
		E50287C21F72F3DE0007ED8A /* CustomNaviCont.m in Sources */ = {isa = PBXBuildFile; fileRef = E50287C11F72F3DE0007ED8A /* CustomNaviCont.m */; };
		E50287C51F72F72C0007ED8A /* BaseVC.m in Sources */ = {isa = PBXBuildFile; fileRef = E50287C41F72F72C0007ED8A /* BaseVC.m */; };
		E5083EEF1F7AC7E800F8B0B6 /* IntroVC.m in Sources */ = {isa = PBXBuildFile; fileRef = E5083EEE1F7AC7E800F8B0B6 /* IntroVC.m */; };
		E5341D211F731BB30028DD7F /* PreventListVC.m in Sources */ = {isa = PBXBuildFile; fileRef = E5341D201F731BB30028DD7F /* PreventListVC.m */; };
		E5341D241F731FDB0028DD7F /* NumberVC.m in Sources */ = {isa = PBXBuildFile; fileRef = E5341D231F731FDB0028DD7F /* NumberVC.m */; };
		E5341D271F7326990028DD7F /* ETCVC.m in Sources */ = {isa = PBXBuildFile; fileRef = E5341D261F7326990028DD7F /* ETCVC.m */; };
		E5341D2A1F73297B0028DD7F /* RequiredSettingGuideVC.m in Sources */ = {isa = PBXBuildFile; fileRef = E5341D291F73297B0028DD7F /* RequiredSettingGuideVC.m */; };
		E5341D2E1F732F9C0028DD7F /* RequiredSettingGuideCell.m in Sources */ = {isa = PBXBuildFile; fileRef = E5341D2D1F732F9C0028DD7F /* RequiredSettingGuideCell.m */; };
		E5341D311F733B260028DD7F /* MessageUI.framework in Frameworks */ = {isa = PBXBuildFile; fileRef = E5341D301F733B260028DD7F /* MessageUI.framework */; };
		E58D93911F716C700039E518 /* AppDelegate.m in Sources */ = {isa = PBXBuildFile; fileRef = E58D93901F716C700039E518 /* AppDelegate.m */; };
		E58D93971F716C700039E518 /* Main.storyboard in Resources */ = {isa = PBXBuildFile; fileRef = E58D93951F716C700039E518 /* Main.storyboard */; };
		E58D93991F716C700039E518 /* Assets.xcassets in Resources */ = {isa = PBXBuildFile; fileRef = E58D93981F716C700039E518 /* Assets.xcassets */; };
		E58D939C1F716C700039E518 /* LaunchScreen.storyboard in Resources */ = {isa = PBXBuildFile; fileRef = E58D939A1F716C700039E518 /* LaunchScreen.storyboard */; };
		E58D939F1F716C700039E518 /* main.m in Sources */ = {isa = PBXBuildFile; fileRef = E58D939E1F716C700039E518 /* main.m */; };
		E58D93AD1F716DBC0039E518 /* MessageFilterExtension.m in Sources */ = {isa = PBXBuildFile; fileRef = E58D93AC1F716DBC0039E518 /* MessageFilterExtension.m */; };
		E58D93B11F716DBC0039E518 /* FilterExtension.appex in Embed App Extensions */ = {isa = PBXBuildFile; fileRef = E58D93A91F716DBB0039E518 /* FilterExtension.appex */; settings = {ATTRIBUTES = (RemoveHeadersOnCopy, ); }; };
/* End PBXBuildFile section */

/* Begin PBXContainerItemProxy section */
		E58D93AF1F716DBC0039E518 /* PBXContainerItemProxy */ = {
			isa = PBXContainerItemProxy;
			containerPortal = E58D93841F716C700039E518 /* Project object */;
			proxyType = 1;
			remoteGlobalIDString = E58D93A81F716DBB0039E518;
			remoteInfo = FilterExtension;
		};
/* End PBXContainerItemProxy section */

/* Begin PBXCopyFilesBuildPhase section */
		E58D93B51F716DBC0039E518 /* Embed App Extensions */ = {
			isa = PBXCopyFilesBuildPhase;
			buildActionMask = 2147483647;
			dstPath = "";
			dstSubfolderSpec = 13;
			files = (
				E58D93B11F716DBC0039E518 /* FilterExtension.appex in Embed App Extensions */,
			);
			name = "Embed App Extensions";
			runOnlyForDeploymentPostprocessing = 0;
		};
/* End PBXCopyFilesBuildPhase section */

/* Begin PBXFileReference section */
		E50287B31F72CC980007ED8A /* SpamFilterLib.h */ = {isa = PBXFileReference; lastKnownFileType = sourcecode.c.h; path = SpamFilterLib.h; sourceTree = "<group>"; };
		E50287B41F72CC980007ED8A /* SpamFilterLib.m */ = {isa = PBXFileReference; lastKnownFileType = sourcecode.c.objc; path = SpamFilterLib.m; sourceTree = "<group>"; };
		E50287B71F72CF260007ED8A /* HWILib.m */ = {isa = PBXFileReference; lastKnownFileType = sourcecode.c.objc; path = HWILib.m; sourceTree = "<group>"; };
		E50287B81F72CF260007ED8A /* HWILib.h */ = {isa = PBXFileReference; lastKnownFileType = sourcecode.c.h; path = HWILib.h; sourceTree = "<group>"; };
		E50287BC1F72F1AC0007ED8A /* KeywordVC.h */ = {isa = PBXFileReference; lastKnownFileType = sourcecode.c.h; path = KeywordVC.h; sourceTree = "<group>"; };
		E50287BD1F72F1AC0007ED8A /* KeywordVC.m */ = {isa = PBXFileReference; lastKnownFileType = sourcecode.c.objc; path = KeywordVC.m; sourceTree = "<group>"; };
		E50287C01F72F3DE0007ED8A /* CustomNaviCont.h */ = {isa = PBXFileReference; lastKnownFileType = sourcecode.c.h; path = CustomNaviCont.h; sourceTree = "<group>"; };
		E50287C11F72F3DE0007ED8A /* CustomNaviCont.m */ = {isa = PBXFileReference; lastKnownFileType = sourcecode.c.objc; path = CustomNaviCont.m; sourceTree = "<group>"; };
		E50287C31F72F72C0007ED8A /* BaseVC.h */ = {isa = PBXFileReference; lastKnownFileType = sourcecode.c.h; path = BaseVC.h; sourceTree = "<group>"; };
		E50287C41F72F72C0007ED8A /* BaseVC.m */ = {isa = PBXFileReference; lastKnownFileType = sourcecode.c.objc; path = BaseVC.m; sourceTree = "<group>"; };
		E5083EED1F7AC7E800F8B0B6 /* IntroVC.h */ = {isa = PBXFileReference; lastKnownFileType = sourcecode.c.h; path = IntroVC.h; sourceTree = "<group>"; };
		E5083EEE1F7AC7E800F8B0B6 /* IntroVC.m */ = {isa = PBXFileReference; lastKnownFileType = sourcecode.c.objc; path = IntroVC.m; sourceTree = "<group>"; };
		E5341D1F1F731BB30028DD7F /* PreventListVC.h */ = {isa = PBXFileReference; lastKnownFileType = sourcecode.c.h; path = PreventListVC.h; sourceTree = "<group>"; };
		E5341D201F731BB30028DD7F /* PreventListVC.m */ = {isa = PBXFileReference; lastKnownFileType = sourcecode.c.objc; path = PreventListVC.m; sourceTree = "<group>"; };
		E5341D221F731FDB0028DD7F /* NumberVC.h */ = {isa = PBXFileReference; lastKnownFileType = sourcecode.c.h; path = NumberVC.h; sourceTree = "<group>"; };
		E5341D231F731FDB0028DD7F /* NumberVC.m */ = {isa = PBXFileReference; lastKnownFileType = sourcecode.c.objc; path = NumberVC.m; sourceTree = "<group>"; };
		E5341D251F7326990028DD7F /* ETCVC.h */ = {isa = PBXFileReference; lastKnownFileType = sourcecode.c.h; path = ETCVC.h; sourceTree = "<group>"; };
		E5341D261F7326990028DD7F /* ETCVC.m */ = {isa = PBXFileReference; lastKnownFileType = sourcecode.c.objc; path = ETCVC.m; sourceTree = "<group>"; };
		E5341D281F73297B0028DD7F /* RequiredSettingGuideVC.h */ = {isa = PBXFileReference; lastKnownFileType = sourcecode.c.h; path = RequiredSettingGuideVC.h; sourceTree = "<group>"; };
		E5341D291F73297B0028DD7F /* RequiredSettingGuideVC.m */ = {isa = PBXFileReference; lastKnownFileType = sourcecode.c.objc; path = RequiredSettingGuideVC.m; sourceTree = "<group>"; };
		E5341D2C1F732F9C0028DD7F /* RequiredSettingGuideCell.h */ = {isa = PBXFileReference; lastKnownFileType = sourcecode.c.h; path = RequiredSettingGuideCell.h; sourceTree = "<group>"; };
		E5341D2D1F732F9C0028DD7F /* RequiredSettingGuideCell.m */ = {isa = PBXFileReference; lastKnownFileType = sourcecode.c.objc; path = RequiredSettingGuideCell.m; sourceTree = "<group>"; };
		E5341D301F733B260028DD7F /* MessageUI.framework */ = {isa = PBXFileReference; lastKnownFileType = wrapper.framework; name = MessageUI.framework; path = System/Library/Frameworks/MessageUI.framework; sourceTree = SDKROOT; };
		E58D938C1F716C700039E518 /* SpamFilter.app */ = {isa = PBXFileReference; explicitFileType = wrapper.application; includeInIndex = 0; path = SpamFilter.app; sourceTree = BUILT_PRODUCTS_DIR; };
		E58D938F1F716C700039E518 /* AppDelegate.h */ = {isa = PBXFileReference; lastKnownFileType = sourcecode.c.h; path = AppDelegate.h; sourceTree = "<group>"; };
		E58D93901F716C700039E518 /* AppDelegate.m */ = {isa = PBXFileReference; lastKnownFileType = sourcecode.c.objc; path = AppDelegate.m; sourceTree = "<group>"; };
		E58D93961F716C700039E518 /* Base */ = {isa = PBXFileReference; lastKnownFileType = file.storyboard; name = Base; path = Base.lproj/Main.storyboard; sourceTree = "<group>"; };
		E58D93981F716C700039E518 /* Assets.xcassets */ = {isa = PBXFileReference; lastKnownFileType = folder.assetcatalog; path = Assets.xcassets; sourceTree = "<group>"; };
		E58D939B1F716C700039E518 /* Base */ = {isa = PBXFileReference; lastKnownFileType = file.storyboard; name = Base; path = Base.lproj/LaunchScreen.storyboard; sourceTree = "<group>"; };
		E58D939D1F716C700039E518 /* Info.plist */ = {isa = PBXFileReference; lastKnownFileType = text.plist.xml; path = Info.plist; sourceTree = "<group>"; };
		E58D939E1F716C700039E518 /* main.m */ = {isa = PBXFileReference; lastKnownFileType = sourcecode.c.objc; path = main.m; sourceTree = "<group>"; };
		E58D93A91F716DBB0039E518 /* FilterExtension.appex */ = {isa = PBXFileReference; explicitFileType = "wrapper.app-extension"; includeInIndex = 0; path = FilterExtension.appex; sourceTree = BUILT_PRODUCTS_DIR; };
		E58D93AB1F716DBC0039E518 /* MessageFilterExtension.h */ = {isa = PBXFileReference; lastKnownFileType = sourcecode.c.h; path = MessageFilterExtension.h; sourceTree = "<group>"; };
		E58D93AC1F716DBC0039E518 /* MessageFilterExtension.m */ = {isa = PBXFileReference; lastKnownFileType = sourcecode.c.objc; path = MessageFilterExtension.m; sourceTree = "<group>"; };
		E58D93AE1F716DBC0039E518 /* Info.plist */ = {isa = PBXFileReference; lastKnownFileType = text.plist.xml; path = Info.plist; sourceTree = "<group>"; };
		E58D93B61F716E660039E518 /* SpamFilter.entitlements */ = {isa = PBXFileReference; lastKnownFileType = text.plist.entitlements; path = SpamFilter.entitlements; sourceTree = "<group>"; };
		E58D93B71F716E7C0039E518 /* FilterExtension.entitlements */ = {isa = PBXFileReference; lastKnownFileType = text.plist.entitlements; path = FilterExtension.entitlements; sourceTree = "<group>"; };
/* End PBXFileReference section */

/* Begin PBXFrameworksBuildPhase section */
		E58D93891F716C700039E518 /* Frameworks */ = {
			isa = PBXFrameworksBuildPhase;
			buildActionMask = 2147483647;
			files = (
				E5341D311F733B260028DD7F /* MessageUI.framework in Frameworks */,
			);
			runOnlyForDeploymentPostprocessing = 0;
		};
		E58D93A61F716DBB0039E518 /* Frameworks */ = {
			isa = PBXFrameworksBuildPhase;
			buildActionMask = 2147483647;
			files = (
			);
			runOnlyForDeploymentPostprocessing = 0;
		};
/* End PBXFrameworksBuildPhase section */

/* Begin PBXGroup section */
		E50287B21F72CC7F0007ED8A /* CommonFiles */ = {
			isa = PBXGroup;
			children = (
				E50287B81F72CF260007ED8A /* HWILib.h */,
				E50287B71F72CF260007ED8A /* HWILib.m */,
				E50287B31F72CC980007ED8A /* SpamFilterLib.h */,
				E50287B41F72CC980007ED8A /* SpamFilterLib.m */,
			);
			path = CommonFiles;
			sourceTree = "<group>";
		};
		E50287BB1F72F1990007ED8A /* ViewControllers */ = {
			isa = PBXGroup;
			children = (
				E50287BC1F72F1AC0007ED8A /* KeywordVC.h */,
				E50287BD1F72F1AC0007ED8A /* KeywordVC.m */,
				E5341D221F731FDB0028DD7F /* NumberVC.h */,
				E5341D231F731FDB0028DD7F /* NumberVC.m */,
				E5341D251F7326990028DD7F /* ETCVC.h */,
				E5341D261F7326990028DD7F /* ETCVC.m */,
				E5341D281F73297B0028DD7F /* RequiredSettingGuideVC.h */,
				E5341D291F73297B0028DD7F /* RequiredSettingGuideVC.m */,
				E5083EED1F7AC7E800F8B0B6 /* IntroVC.h */,
				E5083EEE1F7AC7E800F8B0B6 /* IntroVC.m */,
			);
			path = ViewControllers;
			sourceTree = "<group>";
		};
		E50287BF1F72F3C90007ED8A /* Libs */ = {
			isa = PBXGroup;
			children = (
				E50287C01F72F3DE0007ED8A /* CustomNaviCont.h */,
				E50287C11F72F3DE0007ED8A /* CustomNaviCont.m */,
				E50287C31F72F72C0007ED8A /* BaseVC.h */,
				E50287C41F72F72C0007ED8A /* BaseVC.m */,
				E5341D1F1F731BB30028DD7F /* PreventListVC.h */,
				E5341D201F731BB30028DD7F /* PreventListVC.m */,
			);
			path = Libs;
			sourceTree = "<group>";
		};
		E5341D2B1F732F7B0028DD7F /* Cells */ = {
			isa = PBXGroup;
			children = (
				E5341D2C1F732F9C0028DD7F /* RequiredSettingGuideCell.h */,
				E5341D2D1F732F9C0028DD7F /* RequiredSettingGuideCell.m */,
			);
			path = Cells;
			sourceTree = "<group>";
		};
		E5341D2F1F733B260028DD7F /* Frameworks */ = {
			isa = PBXGroup;
			children = (
				E5341D301F733B260028DD7F /* MessageUI.framework */,
			);
			name = Frameworks;
			sourceTree = "<group>";
		};
		E58D93831F716C700039E518 = {
			isa = PBXGroup;
			children = (
				E58D938E1F716C700039E518 /* SpamFilter */,
				E58D93AA1F716DBC0039E518 /* FilterExtension */,
				E50287B21F72CC7F0007ED8A /* CommonFiles */,
				E58D938D1F716C700039E518 /* Products */,
				E5341D2F1F733B260028DD7F /* Frameworks */,
			);
			sourceTree = "<group>";
		};
		E58D938D1F716C700039E518 /* Products */ = {
			isa = PBXGroup;
			children = (
				E58D938C1F716C700039E518 /* SpamFilter.app */,
				E58D93A91F716DBB0039E518 /* FilterExtension.appex */,
			);
			name = Products;
			sourceTree = "<group>";
		};
		E58D938E1F716C700039E518 /* SpamFilter */ = {
			isa = PBXGroup;
			children = (
				E5341D2B1F732F7B0028DD7F /* Cells */,
				E50287BF1F72F3C90007ED8A /* Libs */,
				E50287BB1F72F1990007ED8A /* ViewControllers */,
				E58D93B61F716E660039E518 /* SpamFilter.entitlements */,
				E58D938F1F716C700039E518 /* AppDelegate.h */,
				E58D93901F716C700039E518 /* AppDelegate.m */,
				E58D93951F716C700039E518 /* Main.storyboard */,
				E58D93981F716C700039E518 /* Assets.xcassets */,
				E58D939A1F716C700039E518 /* LaunchScreen.storyboard */,
				E58D939D1F716C700039E518 /* Info.plist */,
				E58D939E1F716C700039E518 /* main.m */,
			);
			path = SpamFilter;
			sourceTree = "<group>";
		};
		E58D93AA1F716DBC0039E518 /* FilterExtension */ = {
			isa = PBXGroup;
			children = (
				E58D93B71F716E7C0039E518 /* FilterExtension.entitlements */,
				E58D93AB1F716DBC0039E518 /* MessageFilterExtension.h */,
				E58D93AC1F716DBC0039E518 /* MessageFilterExtension.m */,
				E58D93AE1F716DBC0039E518 /* Info.plist */,
			);
			path = FilterExtension;
			sourceTree = "<group>";
		};
/* End PBXGroup section */

/* Begin PBXNativeTarget section */
		E58D938B1F716C700039E518 /* SpamFilter */ = {
			isa = PBXNativeTarget;
			buildConfigurationList = E58D93A21F716C700039E518 /* Build configuration list for PBXNativeTarget "SpamFilter" */;
			buildPhases = (
				E58D93881F716C700039E518 /* Sources */,
				E58D93891F716C700039E518 /* Frameworks */,
				E58D938A1F716C700039E518 /* Resources */,
				E58D93B51F716DBC0039E518 /* Embed App Extensions */,
			);
			buildRules = (
			);
			dependencies = (
				E58D93B01F716DBC0039E518 /* PBXTargetDependency */,
			);
			name = SpamFilter;
			productName = SpamFilter;
			productReference = E58D938C1F716C700039E518 /* SpamFilter.app */;
			productType = "com.apple.product-type.application";
		};
		E58D93A81F716DBB0039E518 /* FilterExtension */ = {
			isa = PBXNativeTarget;
			buildConfigurationList = E58D93B21F716DBC0039E518 /* Build configuration list for PBXNativeTarget "FilterExtension" */;
			buildPhases = (
				E58D93A51F716DBB0039E518 /* Sources */,
				E58D93A61F716DBB0039E518 /* Frameworks */,
				E58D93A71F716DBB0039E518 /* Resources */,
			);
			buildRules = (
			);
			dependencies = (
			);
			name = FilterExtension;
			productName = FilterExtension;
			productReference = E58D93A91F716DBB0039E518 /* FilterExtension.appex */;
			productType = "com.apple.product-type.app-extension";
		};
/* End PBXNativeTarget section */

/* Begin PBXProject section */
		E58D93841F716C700039E518 /* Project object */ = {
			isa = PBXProject;
			attributes = {
				LastUpgradeCheck = 0900;
				ORGANIZATIONNAME = hwi;
				TargetAttributes = {
					E58D938B1F716C700039E518 = {
						CreatedOnToolsVersion = 9.0;
						ProvisioningStyle = Automatic;
						SystemCapabilities = {
							com.apple.ApplicationGroups.iOS = {
								enabled = 1;
							};
							com.apple.SafariKeychain = {
								enabled = 0;
							};
						};
					};
					E58D93A81F716DBB0039E518 = {
						CreatedOnToolsVersion = 9.0;
						ProvisioningStyle = Automatic;
						SystemCapabilities = {
							com.apple.ApplicationGroups.iOS = {
								enabled = 1;
							};
							com.apple.SafariKeychain = {
								enabled = 0;
							};
						};
					};
				};
			};
			buildConfigurationList = E58D93871F716C700039E518 /* Build configuration list for PBXProject "SpamFilter" */;
			compatibilityVersion = "Xcode 8.0";
			developmentRegion = en;
			hasScannedForEncodings = 0;
			knownRegions = (
				en,
				Base,
			);
			mainGroup = E58D93831F716C700039E518;
			productRefGroup = E58D938D1F716C700039E518 /* Products */;
			projectDirPath = "";
			projectRoot = "";
			targets = (
				E58D938B1F716C700039E518 /* SpamFilter */,
				E58D93A81F716DBB0039E518 /* FilterExtension */,
			);
		};
/* End PBXProject section */

/* Begin PBXResourcesBuildPhase section */
		E58D938A1F716C700039E518 /* Resources */ = {
			isa = PBXResourcesBuildPhase;
			buildActionMask = 2147483647;
			files = (
				E58D939C1F716C700039E518 /* LaunchScreen.storyboard in Resources */,
				E58D93991F716C700039E518 /* Assets.xcassets in Resources */,
				E58D93971F716C700039E518 /* Main.storyboard in Resources */,
			);
			runOnlyForDeploymentPostprocessing = 0;
		};
		E58D93A71F716DBB0039E518 /* Resources */ = {
			isa = PBXResourcesBuildPhase;
			buildActionMask = 2147483647;
			files = (
			);
			runOnlyForDeploymentPostprocessing = 0;
		};
/* End PBXResourcesBuildPhase section */

/* Begin PBXSourcesBuildPhase section */
		E58D93881F716C700039E518 /* Sources */ = {
			isa = PBXSourcesBuildPhase;
			buildActionMask = 2147483647;
			files = (
				E50287C51F72F72C0007ED8A /* BaseVC.m in Sources */,
				E50287C21F72F3DE0007ED8A /* CustomNaviCont.m in Sources */,
				E5083EEF1F7AC7E800F8B0B6 /* IntroVC.m in Sources */,
				E50287B91F72CF260007ED8A /* HWILib.m in Sources */,
				E5341D2A1F73297B0028DD7F /* RequiredSettingGuideVC.m in Sources */,
				E5341D241F731FDB0028DD7F /* NumberVC.m in Sources */,
				E5341D211F731BB30028DD7F /* PreventListVC.m in Sources */,
				E5341D2E1F732F9C0028DD7F /* RequiredSettingGuideCell.m in Sources */,
				E50287B51F72CC980007ED8A /* SpamFilterLib.m in Sources */,
				E58D939F1F716C700039E518 /* main.m in Sources */,
				E5341D271F7326990028DD7F /* ETCVC.m in Sources */,
				E50287BE1F72F1AC0007ED8A /* KeywordVC.m in Sources */,
				E58D93911F716C700039E518 /* AppDelegate.m in Sources */,
			);
			runOnlyForDeploymentPostprocessing = 0;
		};
		E58D93A51F716DBB0039E518 /* Sources */ = {
			isa = PBXSourcesBuildPhase;
			buildActionMask = 2147483647;
			files = (
				E50287BA1F72CF260007ED8A /* HWILib.m in Sources */,
				E50287B61F72CDBA0007ED8A /* SpamFilterLib.m in Sources */,
				E58D93AD1F716DBC0039E518 /* MessageFilterExtension.m in Sources */,
			);
			runOnlyForDeploymentPostprocessing = 0;
		};
/* End PBXSourcesBuildPhase section */

/* Begin PBXTargetDependency section */
		E58D93B01F716DBC0039E518 /* PBXTargetDependency */ = {
			isa = PBXTargetDependency;
			target = E58D93A81F716DBB0039E518 /* FilterExtension */;
			targetProxy = E58D93AF1F716DBC0039E518 /* PBXContainerItemProxy */;
		};
/* End PBXTargetDependency section */

/* Begin PBXVariantGroup section */
		E58D93951F716C700039E518 /* Main.storyboard */ = {
			isa = PBXVariantGroup;
			children = (
				E58D93961F716C700039E518 /* Base */,
			);
			name = Main.storyboard;
			sourceTree = "<group>";
		};
		E58D939A1F716C700039E518 /* LaunchScreen.storyboard */ = {
			isa = PBXVariantGroup;
			children = (
				E58D939B1F716C700039E518 /* Base */,
			);
			name = LaunchScreen.storyboard;
			sourceTree = "<group>";
		};
/* End PBXVariantGroup section */

/* Begin XCBuildConfiguration section */
		E58D93A01F716C700039E518 /* Debug */ = {
			isa = XCBuildConfiguration;
			buildSettings = {
				ALWAYS_SEARCH_USER_PATHS = NO;
				CLANG_ANALYZER_NONNULL = YES;
				CLANG_ANALYZER_NUMBER_OBJECT_CONVERSION = YES_AGGRESSIVE;
				CLANG_CXX_LANGUAGE_STANDARD = "gnu++14";
				CLANG_CXX_LIBRARY = "libc++";
				CLANG_ENABLE_MODULES = YES;
				CLANG_ENABLE_OBJC_ARC = YES;
				CLANG_WARN_BLOCK_CAPTURE_AUTORELEASING = YES;
				CLANG_WARN_BOOL_CONVERSION = YES;
				CLANG_WARN_COMMA = YES;
				CLANG_WARN_CONSTANT_CONVERSION = YES;
				CLANG_WARN_DIRECT_OBJC_ISA_USAGE = YES_ERROR;
				CLANG_WARN_DOCUMENTATION_COMMENTS = YES;
				CLANG_WARN_EMPTY_BODY = YES;
				CLANG_WARN_ENUM_CONVERSION = YES;
				CLANG_WARN_INFINITE_RECURSION = YES;
				CLANG_WARN_INT_CONVERSION = YES;
				CLANG_WARN_NON_LITERAL_NULL_CONVERSION = YES;
				CLANG_WARN_OBJC_LITERAL_CONVERSION = YES;
				CLANG_WARN_OBJC_ROOT_CLASS = YES_ERROR;
				CLANG_WARN_RANGE_LOOP_ANALYSIS = YES;
				CLANG_WARN_STRICT_PROTOTYPES = YES;
				CLANG_WARN_SUSPICIOUS_MOVE = YES;
				CLANG_WARN_UNGUARDED_AVAILABILITY = YES_AGGRESSIVE;
				CLANG_WARN_UNREACHABLE_CODE = YES;
				CLANG_WARN__DUPLICATE_METHOD_MATCH = YES;
				CODE_SIGN_IDENTITY = "iPhone Developer";
				COPY_PHASE_STRIP = NO;
				DEBUG_INFORMATION_FORMAT = dwarf;
				ENABLE_STRICT_OBJC_MSGSEND = YES;
				ENABLE_TESTABILITY = YES;
				GCC_C_LANGUAGE_STANDARD = gnu11;
				GCC_DYNAMIC_NO_PIC = NO;
				GCC_NO_COMMON_BLOCKS = YES;
				GCC_OPTIMIZATION_LEVEL = 0;
				GCC_PREPROCESSOR_DEFINITIONS = (
					"DEBUG=1",
					"$(inherited)",
				);
				GCC_WARN_64_TO_32_BIT_CONVERSION = YES;
				GCC_WARN_ABOUT_RETURN_TYPE = YES_ERROR;
				GCC_WARN_UNDECLARED_SELECTOR = YES;
				GCC_WARN_UNINITIALIZED_AUTOS = YES_AGGRESSIVE;
				GCC_WARN_UNUSED_FUNCTION = YES;
				GCC_WARN_UNUSED_VARIABLE = YES;
				IPHONEOS_DEPLOYMENT_TARGET = 11.0;
				MTL_ENABLE_DEBUG_INFO = YES;
				ONLY_ACTIVE_ARCH = YES;
				SDKROOT = iphoneos;
			};
			name = Debug;
		};
		E58D93A11F716C700039E518 /* Release */ = {
			isa = XCBuildConfiguration;
			buildSettings = {
				ALWAYS_SEARCH_USER_PATHS = NO;
				CLANG_ANALYZER_NONNULL = YES;
				CLANG_ANALYZER_NUMBER_OBJECT_CONVERSION = YES_AGGRESSIVE;
				CLANG_CXX_LANGUAGE_STANDARD = "gnu++14";
				CLANG_CXX_LIBRARY = "libc++";
				CLANG_ENABLE_MODULES = YES;
				CLANG_ENABLE_OBJC_ARC = YES;
				CLANG_WARN_BLOCK_CAPTURE_AUTORELEASING = YES;
				CLANG_WARN_BOOL_CONVERSION = YES;
				CLANG_WARN_COMMA = YES;
				CLANG_WARN_CONSTANT_CONVERSION = YES;
				CLANG_WARN_DIRECT_OBJC_ISA_USAGE = YES_ERROR;
				CLANG_WARN_DOCUMENTATION_COMMENTS = YES;
				CLANG_WARN_EMPTY_BODY = YES;
				CLANG_WARN_ENUM_CONVERSION = YES;
				CLANG_WARN_INFINITE_RECURSION = YES;
				CLANG_WARN_INT_CONVERSION = YES;
				CLANG_WARN_NON_LITERAL_NULL_CONVERSION = YES;
				CLANG_WARN_OBJC_LITERAL_CONVERSION = YES;
				CLANG_WARN_OBJC_ROOT_CLASS = YES_ERROR;
				CLANG_WARN_RANGE_LOOP_ANALYSIS = YES;
				CLANG_WARN_STRICT_PROTOTYPES = YES;
				CLANG_WARN_SUSPICIOUS_MOVE = YES;
				CLANG_WARN_UNGUARDED_AVAILABILITY = YES_AGGRESSIVE;
				CLANG_WARN_UNREACHABLE_CODE = YES;
				CLANG_WARN__DUPLICATE_METHOD_MATCH = YES;
				CODE_SIGN_IDENTITY = "iPhone Developer";
				COPY_PHASE_STRIP = NO;
				DEBUG_INFORMATION_FORMAT = "dwarf-with-dsym";
				ENABLE_NS_ASSERTIONS = NO;
				ENABLE_STRICT_OBJC_MSGSEND = YES;
				GCC_C_LANGUAGE_STANDARD = gnu11;
				GCC_NO_COMMON_BLOCKS = YES;
				GCC_WARN_64_TO_32_BIT_CONVERSION = YES;
				GCC_WARN_ABOUT_RETURN_TYPE = YES_ERROR;
				GCC_WARN_UNDECLARED_SELECTOR = YES;
				GCC_WARN_UNINITIALIZED_AUTOS = YES_AGGRESSIVE;
				GCC_WARN_UNUSED_FUNCTION = YES;
				GCC_WARN_UNUSED_VARIABLE = YES;
				IPHONEOS_DEPLOYMENT_TARGET = 11.0;
				MTL_ENABLE_DEBUG_INFO = NO;
				SDKROOT = iphoneos;
				VALIDATE_PRODUCT = YES;
			};
			name = Release;
		};
		E58D93A31F716C700039E518 /* Debug */ = {
			isa = XCBuildConfiguration;
			buildSettings = {
				ASSETCATALOG_COMPILER_APPICON_NAME = AppIcon;
				CODE_SIGN_ENTITLEMENTS = SpamFilter/SpamFilter.entitlements;
				CODE_SIGN_STYLE = Automatic;
				DEVELOPMENT_TEAM = 6YG5CQ7AQK;
				INFOPLIST_FILE = SpamFilter/Info.plist;
				LD_RUNPATH_SEARCH_PATHS = "$(inherited) @executable_path/Frameworks";
				PRODUCT_BUNDLE_IDENTIFIER = kr.co.elimsoft.SpamFilter;
				PRODUCT_NAME = "$(TARGET_NAME)";
				TARGETED_DEVICE_FAMILY = "1,2";
			};
			name = Debug;
		};
		E58D93A41F716C700039E518 /* Release */ = {
			isa = XCBuildConfiguration;
			buildSettings = {
				ASSETCATALOG_COMPILER_APPICON_NAME = AppIcon;
				CODE_SIGN_ENTITLEMENTS = SpamFilter/SpamFilter.entitlements;
				CODE_SIGN_STYLE = Automatic;
				DEVELOPMENT_TEAM = 6YG5CQ7AQK;
				INFOPLIST_FILE = SpamFilter/Info.plist;
				LD_RUNPATH_SEARCH_PATHS = "$(inherited) @executable_path/Frameworks";
				PRODUCT_BUNDLE_IDENTIFIER = kr.co.elimsoft.SpamFilter;
				PRODUCT_NAME = "$(TARGET_NAME)";
				TARGETED_DEVICE_FAMILY = "1,2";
			};
			name = Release;
		};
		E58D93B31F716DBC0039E518 /* Debug */ = {
			isa = XCBuildConfiguration;
			buildSettings = {
				CODE_SIGN_ENTITLEMENTS = FilterExtension/FilterExtension.entitlements;
				CODE_SIGN_STYLE = Automatic;
				DEVELOPMENT_TEAM = 6YG5CQ7AQK;
				INFOPLIST_FILE = FilterExtension/Info.plist;
				LD_RUNPATH_SEARCH_PATHS = "$(inherited) @executable_path/Frameworks @executable_path/../../Frameworks";
				PRODUCT_BUNDLE_IDENTIFIER = kr.co.elimsoft.SpamFilter.FilterExtension;
				PRODUCT_NAME = "$(TARGET_NAME)";
				SKIP_INSTALL = YES;
				TARGETED_DEVICE_FAMILY = "1,2";
			};
			name = Debug;
		};
		E58D93B41F716DBC0039E518 /* Release */ = {
			isa = XCBuildConfiguration;
			buildSettings = {
				CODE_SIGN_ENTITLEMENTS = FilterExtension/FilterExtension.entitlements;
				CODE_SIGN_STYLE = Automatic;
				DEVELOPMENT_TEAM = 6YG5CQ7AQK;
				INFOPLIST_FILE = FilterExtension/Info.plist;
				LD_RUNPATH_SEARCH_PATHS = "$(inherited) @executable_path/Frameworks @executable_path/../../Frameworks";
				PRODUCT_BUNDLE_IDENTIFIER = kr.co.elimsoft.SpamFilter.FilterExtension;
				PRODUCT_NAME = "$(TARGET_NAME)";
				SKIP_INSTALL = YES;
				TARGETED_DEVICE_FAMILY = "1,2";
			};
			name = Release;
		};
/* End XCBuildConfiguration section */

/* Begin XCConfigurationList section */
		E58D93871F716C700039E518 /* Build configuration list for PBXProject "SpamFilter" */ = {
			isa = XCConfigurationList;
			buildConfigurations = (
				E58D93A01F716C700039E518 /* Debug */,
				E58D93A11F716C700039E518 /* Release */,
			);
			defaultConfigurationIsVisible = 0;
			defaultConfigurationName = Release;
		};
		E58D93A21F716C700039E518 /* Build configuration list for PBXNativeTarget "SpamFilter" */ = {
			isa = XCConfigurationList;
			buildConfigurations = (
				E58D93A31F716C700039E518 /* Debug */,
				E58D93A41F716C700039E518 /* Release */,
			);
			defaultConfigurationIsVisible = 0;
			defaultConfigurationName = Release;
		};
		E58D93B21F716DBC0039E518 /* Build configuration list for PBXNativeTarget "FilterExtension" */ = {
			isa = XCConfigurationList;
			buildConfigurations = (
				E58D93B31F716DBC0039E518 /* Debug */,
				E58D93B41F716DBC0039E518 /* Release */,
			);
			defaultConfigurationIsVisible = 0;
			defaultConfigurationName = Release;
		};
/* End XCConfigurationList section */
	};
	rootObject = E58D93841F716C700039E518 /* Project object */;
}
